
Microsoft Visual Studio Solution File, Format Version 12.00
# Visual Studio Version 17
VisualStudioVersion = 17.9.34728.123
MinimumVisualStudioVersion = 10.0.40219.1
Project("{FAE04EC0-301F-11D3-BF4B-00C04F79EFBC}") = "AreaCalculator", "AreaCalculator\AreaCalculator.csproj", "{C472A70C-ADE6-449B-B1EF-008C0EE90729}"
EndProject
Global
	GlobalSection(SolutionConfigurationPlatforms) = preSolution
		Debug|Any CPU = Debug|Any CPU
		Release|Any CPU = Release|Any CPU
	EndGlobalSection
	GlobalSection(ProjectConfigurationPlatforms) = postSolution
		{C472A70C-ADE6-449B-B1EF-008C0EE90729}.Debug|Any CPU.ActiveCfg = Debug|Any CPU
		{C472A70C-ADE6-449B-B1EF-008C0EE90729}.Debug|Any CPU.Build.0 = Debug|Any CPU
		{C472A70C-ADE6-449B-B1EF-008C0EE90729}.Release|Any CPU.ActiveCfg = Release|Any CPU
		{C472A70C-ADE6-449B-B1EF-008C0EE90729}.Release|Any CPU.Build.0 = Release|Any CPU
	EndGlobalSection
	GlobalSection(SolutionProperties) = preSolution
		HideSolutionNode = FALSE
	EndGlobalSection
	GlobalSection(ExtensibilityGlobals) = postSolution
		SolutionGuid = {460E629B-45AB-45AC-92E1-FFE39DE42032}
	EndGlobalSection
EndGlobal
